// !$*UTF8*$!
{
	archiveVersion = 1;
	classes = {
	};
	objectVersion = 48;
	objects = {

/* Begin PBXBuildFile section */
		04E768CB20742FA700FB33E9 /* AppDelegate.swift in Sources */ = {isa = PBXBuildFile; fileRef = 04E768CA20742FA700FB33E9 /* AppDelegate.swift */; };
		04E768CD20742FA700FB33E9 /* ViewController.swift in Sources */ = {isa = PBXBuildFile; fileRef = 04E768CC20742FA700FB33E9 /* ViewController.swift */; };
		04E768D020742FA700FB33E9 /* Main.storyboard in Resources */ = {isa = PBXBuildFile; fileRef = 04E768CE20742FA700FB33E9 /* Main.storyboard */; };
		04E768D220742FA700FB33E9 /* Assets.xcassets in Resources */ = {isa = PBXBuildFile; fileRef = 04E768D120742FA700FB33E9 /* Assets.xcassets */; };
		04E768D520742FA700FB33E9 /* LaunchScreen.storyboard in Resources */ = {isa = PBXBuildFile; fileRef = 04E768D320742FA700FB33E9 /* LaunchScreen.storyboard */; };
		8474F75EFDC8A7BEC3241CF8 /* Pods_KeyChainTutorialMedium.framework in Frameworks */ = {isa = PBXBuildFile; fileRef = 13AEDDD2E31E8FC9200DE51C /* Pods_KeyChainTutorialMedium.framework */; };
/* End PBXBuildFile section */

/* Begin PBXFileReference section */
		04E768C720742FA700FB33E9 /* KeyChainTutorialMedium.app */ = {isa = PBXFileReference; explicitFileType = wrapper.application; includeInIndex = 0; path = KeyChainTutorialMedium.app; sourceTree = BUILT_PRODUCTS_DIR; };
		04E768CA20742FA700FB33E9 /* AppDelegate.swift */ = {isa = PBXFileReference; lastKnownFileType = sourcecode.swift; path = AppDelegate.swift; sourceTree = "<group>"; };
		04E768CC20742FA700FB33E9 /* ViewController.swift */ = {isa = PBXFileReference; lastKnownFileType = sourcecode.swift; path = ViewController.swift; sourceTree = "<group>"; };
		04E768CF20742FA700FB33E9 /* Base */ = {isa = PBXFileReference; lastKnownFileType = file.storyboard; name = Base; path = Base.lproj/Main.storyboard; sourceTree = "<group>"; };
		04E768D120742FA700FB33E9 /* Assets.xcassets */ = {isa = PBXFileReference; lastKnownFileType = folder.assetcatalog; path = Assets.xcassets; sourceTree = "<group>"; };
		04E768D420742FA700FB33E9 /* Base */ = {isa = PBXFileReference; lastKnownFileType = file.storyboard; name = Base; path = Base.lproj/LaunchScreen.storyboard; sourceTree = "<group>"; };
		04E768D620742FA700FB33E9 /* Info.plist */ = {isa = PBXFileReference; lastKnownFileType = text.plist.xml; path = Info.plist; sourceTree = "<group>"; };
		13AEDDD2E31E8FC9200DE51C /* Pods_KeyChainTutorialMedium.framework */ = {isa = PBXFileReference; explicitFileType = wrapper.framework; includeInIndex = 0; path = Pods_KeyChainTutorialMedium.framework; sourceTree = BUILT_PRODUCTS_DIR; };
		2903269BFF5E5A246E02B2D8 /* Pods-KeyChainTutorialMedium.debug.xcconfig */ = {isa = PBXFileReference; includeInIndex = 1; lastKnownFileType = text.xcconfig; name = "Pods-KeyChainTutorialMedium.debug.xcconfig"; path = "Pods/Target Support Files/Pods-KeyChainTutorialMedium/Pods-KeyChainTutorialMedium.debug.xcconfig"; sourceTree = "<group>"; };
		55F87B0323F673369FEC843E /* Pods-KeyChainTutorialMedium.release.xcconfig */ = {isa = PBXFileReference; includeInIndex = 1; lastKnownFileType = text.xcconfig; name = "Pods-KeyChainTutorialMedium.release.xcconfig"; path = "Pods/Target Support Files/Pods-KeyChainTutorialMedium/Pods-KeyChainTutorialMedium.release.xcconfig"; sourceTree = "<group>"; };
/* End PBXFileReference section */

/* Begin PBXFrameworksBuildPhase section */
		04E768C420742FA700FB33E9 /* Frameworks */ = {
			isa = PBXFrameworksBuildPhase;
			buildActionMask = 2147483647;
			files = (
				8474F75EFDC8A7BEC3241CF8 /* Pods_KeyChainTutorialMedium.framework in Frameworks */,
			);
			runOnlyForDeploymentPostprocessing = 0;
		};
/* End PBXFrameworksBuildPhase section */

/* Begin PBXGroup section */
		0104005BCAB72156AF981825 /* Pods */ = {
			isa = PBXGroup;
			children = (
				2903269BFF5E5A246E02B2D8 /* Pods-KeyChainTutorialMedium.debug.xcconfig */,
				55F87B0323F673369FEC843E /* Pods-KeyChainTutorialMedium.release.xcconfig */,
			);
			name = Pods;
			sourceTree = "<group>";
		};
		04E768BE20742FA700FB33E9 = {
			isa = PBXGroup;
			children = (
				04E768C920742FA700FB33E9 /* KeyChainTutorialMedium */,
				04E768C820742FA700FB33E9 /* Products */,
				0104005BCAB72156AF981825 /* Pods */,
				09890E922DBE8E77C320FA5E /* Frameworks */,
			);
			sourceTree = "<group>";
		};
		04E768C820742FA700FB33E9 /* Products */ = {
			isa = PBXGroup;
			children = (
				04E768C720742FA700FB33E9 /* KeyChainTutorialMedium.app */,
			);
			name = Products;
			sourceTree = "<group>";
		};
		04E768C920742FA700FB33E9 /* KeyChainTutorialMedium */ = {
			isa = PBXGroup;
			children = (
				04E768CA20742FA700FB33E9 /* AppDelegate.swift */,
				04E768CC20742FA700FB33E9 /* ViewController.swift */,
				04E768CE20742FA700FB33E9 /* Main.storyboard */,
				04E768D120742FA700FB33E9 /* Assets.xcassets */,
				04E768D320742FA700FB33E9 /* LaunchScreen.storyboard */,
				04E768D620742FA700FB33E9 /* Info.plist */,
			);
			path = KeyChainTutorialMedium;
			sourceTree = "<group>";
		};
		09890E922DBE8E77C320FA5E /* Frameworks */ = {
			isa = PBXGroup;
			children = (
				13AEDDD2E31E8FC9200DE51C /* Pods_KeyChainTutorialMedium.framework */,
			);
			name = Frameworks;
			sourceTree = "<group>";
		};
/* End PBXGroup section */

/* Begin PBXNativeTarget section */
		04E768C620742FA700FB33E9 /* KeyChainTutorialMedium */ = {
			isa = PBXNativeTarget;
			buildConfigurationList = 04E768D920742FA700FB33E9 /* Build configuration list for PBXNativeTarget "KeyChainTutorialMedium" */;
			buildPhases = (
				A6F55EB07798B709B6E71C6B /* [CP] Check Pods Manifest.lock */,
				04E768C320742FA700FB33E9 /* Sources */,
				04E768C420742FA700FB33E9 /* Frameworks */,
				04E768C520742FA700FB33E9 /* Resources */,
				EDD6A3F13ABA8F42127DD400 /* [CP] Embed Pods Frameworks */,
				DAAAF79C5FE112790D4E8B93 /* [CP] Copy Pods Resources */,
			);
			buildRules = (
			);
			dependencies = (
			);
			name = KeyChainTutorialMedium;
			productName = KeyChainTutorialMedium;
			productReference = 04E768C720742FA700FB33E9 /* KeyChainTutorialMedium.app */;
			productType = "com.apple.product-type.application";
		};
/* End PBXNativeTarget section */

/* Begin PBXProject section */
		04E768BF20742FA700FB33E9 /* Project object */ = {
			isa = PBXProject;
			attributes = {
				LastSwiftUpdateCheck = 0920;
				LastUpgradeCheck = 0920;
				ORGANIZATIONNAME = funmiadewodu;
				TargetAttributes = {
					04E768C620742FA700FB33E9 = {
						CreatedOnToolsVersion = 9.2;
						ProvisioningStyle = Automatic;
					};
				};
			};
			buildConfigurationList = 04E768C220742FA700FB33E9 /* Build configuration list for PBXProject "KeyChainTutorialMedium" */;
			compatibilityVersion = "Xcode 8.0";
			developmentRegion = en;
			hasScannedForEncodings = 0;
			knownRegions = (
				en,
				Base,
			);
			mainGroup = 04E768BE20742FA700FB33E9;
			productRefGroup = 04E768C820742FA700FB33E9 /* Products */;
			projectDirPath = "";
			projectRoot = "";
			targets = (
				04E768C620742FA700FB33E9 /* KeyChainTutorialMedium */,
			);
		};
/* End PBXProject section */

/* Begin PBXResourcesBuildPhase section */
		04E768C520742FA700FB33E9 /* Resources */ = {
			isa = PBXResourcesBuildPhase;
			buildActionMask = 2147483647;
			files = (
				04E768D520742FA700FB33E9 /* LaunchScreen.storyboard in Resources */,
				04E768D220742FA700FB33E9 /* Assets.xcassets in Resources */,
				04E768D020742FA700FB33E9 /* Main.storyboard in Resources */,
			);
			runOnlyForDeploymentPostprocessing = 0;
		};
/* End PBXResourcesBuildPhase section */

/* Begin PBXShellScriptBuildPhase section */
		A6F55EB07798B709B6E71C6B /* [CP] Check Pods Manifest.lock */ = {
			isa = PBXShellScriptBuildPhase;
			buildActionMask = 2147483647;
			files = (
			);
			inputPaths = (
			);
			name = "[CP] Check Pods Manifest.lock";
			outputPaths = (
			);
			runOnlyForDeploymentPostprocessing = 0;
			shellPath = /bin/sh;
			shellScript = "diff \"${PODS_PODFILE_DIR_PATH}/Podfile.lock\" \"${PODS_ROOT}/Manifest.lock\" > /dev/null\nif [ $? != 0 ] ; then\n    # print error to STDERR\n    echo \"error: The sandbox is not in sync with the Podfile.lock. Run 'pod install' or update your CocoaPods installation.\" >&2\n    exit 1\nfi\n";
			showEnvVarsInLog = 0;
		};
		DAAAF79C5FE112790D4E8B93 /* [CP] Copy Pods Resources */ = {
			isa = PBXShellScriptBuildPhase;
			buildActionMask = 2147483647;
			files = (
			);
			inputPaths = (
			);
			name = "[CP] Copy Pods Resources";
			outputPaths = (
			);
			runOnlyForDeploymentPostprocessing = 0;
			shellPath = /bin/sh;
			shellScript = "\"${SRCROOT}/Pods/Target Support Files/Pods-KeyChainTutorialMedium/Pods-KeyChainTutorialMedium-resources.sh\"\n";
			showEnvVarsInLog = 0;
		};
		EDD6A3F13ABA8F42127DD400 /* [CP] Embed Pods Frameworks */ = {
			isa = PBXShellScriptBuildPhase;
			buildActionMask = 2147483647;
			files = (
			);
			inputPaths = (
			);
			name = "[CP] Embed Pods Frameworks";
			outputPaths = (
			);
			runOnlyForDeploymentPostprocessing = 0;
			shellPath = /bin/sh;
			shellScript = "\"${SRCROOT}/Pods/Target Support Files/Pods-KeyChainTutorialMedium/Pods-KeyChainTutorialMedium-frameworks.sh\"\n";
			showEnvVarsInLog = 0;
		};
/* End PBXShellScriptBuildPhase section */

/* Begin PBXSourcesBuildPhase section */
		04E768C320742FA700FB33E9 /* Sources */ = {
			isa = PBXSourcesBuildPhase;
			buildActionMask = 2147483647;
			files = (
				04E768CD20742FA700FB33E9 /* ViewController.swift in Sources */,
				04E768CB20742FA700FB33E9 /* AppDelegate.swift in Sources */,
			);
			runOnlyForDeploymentPostprocessing = 0;
		};
/* End PBXSourcesBuildPhase section */

/* Begin PBXVariantGroup section */
		04E768CE20742FA700FB33E9 /* Main.storyboard */ = {
			isa = PBXVariantGroup;
			children = (
				04E768CF20742FA700FB33E9 /* Base */,
			);
			name = Main.storyboard;
			sourceTree = "<group>";
		};
		04E768D320742FA700FB33E9 /* LaunchScreen.storyboard */ = {
			isa = PBXVariantGroup;
			children = (
				04E768D420742FA700FB33E9 /* Base */,
			);
			name = LaunchScreen.storyboard;
			sourceTree = "<group>";
		};
/* End PBXVariantGroup section */

/* Begin XCBuildConfiguration section */
		04E768D720742FA700FB33E9 /* Debug */ = {
			isa = XCBuildConfiguration;
			buildSettings = {
				ALWAYS_SEARCH_USER_PATHS = NO;
				CLANG_ANALYZER_NONNULL = YES;
				CLANG_ANALYZER_NUMBER_OBJECT_CONVERSION = YES_AGGRESSIVE;
				CLANG_CXX_LANGUAGE_STANDARD = "gnu++14";
				CLANG_CXX_LIBRARY = "libc++";
				CLANG_ENABLE_MODULES = YES;
				CLANG_ENABLE_OBJC_ARC = YES;
				CLANG_WARN_BLOCK_CAPTURE_AUTORELEASING = YES;
				CLANG_WARN_BOOL_CONVERSION = YES;
				CLANG_WARN_COMMA = YES;
				CLANG_WARN_CONSTANT_CONVERSION = YES;
				CLANG_WARN_DIRECT_OBJC_ISA_USAGE = YES_ERROR;
				CLANG_WARN_DOCUMENTATION_COMMENTS = YES;
				CLANG_WARN_EMPTY_BODY = YES;
				CLANG_WARN_ENUM_CONVERSION = YES;
				CLANG_WARN_INFINITE_RECURSION = YES;
				CLANG_WARN_INT_CONVERSION = YES;
				CLANG_WARN_NON_LITERAL_NULL_CONVERSION = YES;
				CLANG_WARN_OBJC_LITERAL_CONVERSION = YES;
				CLANG_WARN_OBJC_ROOT_CLASS = YES_ERROR;
				CLANG_WARN_RANGE_LOOP_ANALYSIS = YES;
				CLANG_WARN_STRICT_PROTOTYPES = YES;
				CLANG_WARN_SUSPICIOUS_MOVE = YES;
				CLANG_WARN_UNGUARDED_AVAILABILITY = YES_AGGRESSIVE;
				CLANG_WARN_UNREACHABLE_CODE = YES;
				CLANG_WARN__DUPLICATE_METHOD_MATCH = YES;
				CODE_SIGN_IDENTITY = "iPhone Developer";
				COPY_PHASE_STRIP = NO;
				DEBUG_INFORMATION_FORMAT = dwarf;
				ENABLE_STRICT_OBJC_MSGSEND = YES;
				ENABLE_TESTABILITY = YES;
				GCC_C_LANGUAGE_STANDARD = gnu11;
				GCC_DYNAMIC_NO_PIC = NO;
				GCC_NO_COMMON_BLOCKS = YES;
				GCC_OPTIMIZATION_LEVEL = 0;
				GCC_PREPROCESSOR_DEFINITIONS = (
					"DEBUG=1",
					"$(inherited)",
				);
				GCC_WARN_64_TO_32_BIT_CONVERSION = YES;
				GCC_WARN_ABOUT_RETURN_TYPE = YES_ERROR;
				GCC_WARN_UNDECLARED_SELECTOR = YES;
				GCC_WARN_UNINITIALIZED_AUTOS = YES_AGGRESSIVE;
				GCC_WARN_UNUSED_FUNCTION = YES;
				GCC_WARN_UNUSED_VARIABLE = YES;
				IPHONEOS_DEPLOYMENT_TARGET = 11.2;
				MTL_ENABLE_DEBUG_INFO = YES;
				ONLY_ACTIVE_ARCH = YES;
				SDKROOT = iphoneos;
				SWIFT_ACTIVE_COMPILATION_CONDITIONS = DEBUG;
				SWIFT_OPTIMIZATION_LEVEL = "-Onone";
			};
			name = Debug;
		};
		04E768D820742FA700FB33E9 /* Release */ = {
			isa = XCBuildConfiguration;
			buildSettings = {
				ALWAYS_SEARCH_USER_PATHS = NO;
				CLANG_ANALYZER_NONNULL = YES;
				CLANG_ANALYZER_NUMBER_OBJECT_CONVERSION = YES_AGGRESSIVE;
				CLANG_CXX_LANGUAGE_STANDARD = "gnu++14";
				CLANG_CXX_LIBRARY = "libc++";
				CLANG_ENABLE_MODULES = YES;
				CLANG_ENABLE_OBJC_ARC = YES;
				CLANG_WARN_BLOCK_CAPTURE_AUTORELEASING = YES;
				CLANG_WARN_BOOL_CONVERSION = YES;
				CLANG_WARN_COMMA = YES;
				CLANG_WARN_CONSTANT_CONVERSION = YES;
				CLANG_WARN_DIRECT_OBJC_ISA_USAGE = YES_ERROR;
				CLANG_WARN_DOCUMENTATION_COMMENTS = YES;
				CLANG_WARN_EMPTY_BODY = YES;
				CLANG_WARN_ENUM_CONVERSION = YES;
				CLANG_WARN_INFINITE_RECURSION = YES;
				CLANG_WARN_INT_CONVERSION = YES;
				CLANG_WARN_NON_LITERAL_NULL_CONVERSION = YES;
				CLANG_WARN_OBJC_LITERAL_CONVERSION = YES;
				CLANG_WARN_OBJC_ROOT_CLASS = YES_ERROR;
				CLANG_WARN_RANGE_LOOP_ANALYSIS = YES;
				CLANG_WARN_STRICT_PROTOTYPES = YES;
				CLANG_WARN_SUSPICIOUS_MOVE = YES;
				CLANG_WARN_UNGUARDED_AVAILABILITY = YES_AGGRESSIVE;
				CLANG_WARN_UNREACHABLE_CODE = YES;
				CLANG_WARN__DUPLICATE_METHOD_MATCH = YES;
				CODE_SIGN_IDENTITY = "iPhone Developer";
				COPY_PHASE_STRIP = NO;
				DEBUG_INFORMATION_FORMAT = "dwarf-with-dsym";
				ENABLE_NS_ASSERTIONS = NO;
				ENABLE_STRICT_OBJC_MSGSEND = YES;
				GCC_C_LANGUAGE_STANDARD = gnu11;
				GCC_NO_COMMON_BLOCKS = YES;
				GCC_WARN_64_TO_32_BIT_CONVERSION = YES;
				GCC_WARN_ABOUT_RETURN_TYPE = YES_ERROR;
				GCC_WARN_UNDECLARED_SELECTOR = YES;
				GCC_WARN_UNINITIALIZED_AUTOS = YES_AGGRESSIVE;
				GCC_WARN_UNUSED_FUNCTION = YES;
				GCC_WARN_UNUSED_VARIABLE = YES;
				IPHONEOS_DEPLOYMENT_TARGET = 11.2;
				MTL_ENABLE_DEBUG_INFO = NO;
				SDKROOT = iphoneos;
				SWIFT_OPTIMIZATION_LEVEL = "-Owholemodule";
				VALIDATE_PRODUCT = YES;
			};
			name = Release;
		};
		04E768DA20742FA700FB33E9 /* Debug */ = {
			isa = XCBuildConfiguration;
			baseConfigurationReference = 2903269BFF5E5A246E02B2D8 /* Pods-KeyChainTutorialMedium.debug.xcconfig */;
			buildSettings = {
				ASSETCATALOG_COMPILER_APPICON_NAME = AppIcon;
				CODE_SIGN_STYLE = Automatic;
				INFOPLIST_FILE = KeyChainTutorialMedium/Info.plist;
				LD_RUNPATH_SEARCH_PATHS = "$(inherited) @executable_path/Frameworks";
				PRODUCT_BUNDLE_IDENTIFIER = com.funmiadewodu.KeyChainTutorialMedium;
				PRODUCT_NAME = "$(TARGET_NAME)";
				SWIFT_VERSION = 4.0;
				TARGETED_DEVICE_FAMILY = "1,2";
			};
			name = Debug;
		};
		04E768DB20742FA700FB33E9 /* Release */ = {
			isa = XCBuildConfiguration;
			baseConfigurationReference = 55F87B0323F673369FEC843E /* Pods-KeyChainTutorialMedium.release.xcconfig */;
			buildSettings = {
				ASSETCATALOG_COMPILER_APPICON_NAME = AppIcon;
				CODE_SIGN_STYLE = Automatic;
				INFOPLIST_FILE = KeyChainTutorialMedium/Info.plist;
				LD_RUNPATH_SEARCH_PATHS = "$(inherited) @executable_path/Frameworks";
				PRODUCT_BUNDLE_IDENTIFIER = com.funmiadewodu.KeyChainTutorialMedium;
				PRODUCT_NAME = "$(TARGET_NAME)";
				SWIFT_VERSION = 4.0;
				TARGETED_DEVICE_FAMILY = "1,2";
			};
			name = Release;
		};
/* End XCBuildConfiguration section */

/* Begin XCConfigurationList section */
		04E768C220742FA700FB33E9 /* Build configuration list for PBXProject "KeyChainTutorialMedium" */ = {
			isa = XCConfigurationList;
			buildConfigurations = (
				04E768D720742FA700FB33E9 /* Debug */,
				04E768D820742FA700FB33E9 /* Release */,
			);
			defaultConfigurationIsVisible = 0;
			defaultConfigurationName = Release;
		};
		04E768D920742FA700FB33E9 /* Build configuration list for PBXNativeTarget "KeyChainTutorialMedium" */ = {
			isa = XCConfigurationList;
			buildConfigurations = (
				04E768DA20742FA700FB33E9 /* Debug */,
				04E768DB20742FA700FB33E9 /* Release */,
			);
			defaultConfigurationIsVisible = 0;
			defaultConfigurationName = Release;
		};
/* End XCConfigurationList section */
	};
	rootObject = 04E768BF20742FA700FB33E9 /* Project object */;
}
